
Microsoft Visual Studio Solution File, Format Version 12.00
# Visual Studio Version 17
VisualStudioVersion = 17.2.32630.192
MinimumVisualStudioVersion = 10.0.40219.1
Project("{FAE04EC0-301F-11D3-BF4B-00C04F79EFBC}") = "haySchool", "haySchool\haySchool.csproj", "{346C8C3A-10BA-4856-B3CE-5BA2FCAF2226}"
EndProject
Global
	GlobalSection(SolutionConfigurationPlatforms) = preSolution
		Debug|Any CPU = Debug|Any CPU
		Release|Any CPU = Release|Any CPU
	EndGlobalSection
	GlobalSection(ProjectConfigurationPlatforms) = postSolution
		{346C8C3A-10BA-4856-B3CE-5BA2FCAF2226}.Debug|Any CPU.ActiveCfg = Debug|Any CPU
		{346C8C3A-10BA-4856-B3CE-5BA2FCAF2226}.Debug|Any CPU.Build.0 = Debug|Any CPU
		{346C8C3A-10BA-4856-B3CE-5BA2FCAF2226}.Release|Any CPU.ActiveCfg = Release|Any CPU
		{346C8C3A-10BA-4856-B3CE-5BA2FCAF2226}.Release|Any CPU.Build.0 = Release|Any CPU
	EndGlobalSection
	GlobalSection(SolutionProperties) = preSolution
		HideSolutionNode = FALSE
	EndGlobalSection
	GlobalSection(ExtensibilityGlobals) = postSolution
		SolutionGuid = {73BE0C07-CC40-4706-82E5-0F924A4A8614}
	EndGlobalSection
EndGlobal
